
Microsoft Visual Studio Solution File, Format Version 12.00
# Visual Studio Version 16
VisualStudioVersion = 16.0.31112.23
MinimumVisualStudioVersion = 10.0.40219.1
Project("{F184B08F-C81C-45F6-A57F-5ABD9991F28F}") = "FreeLauncher - GitHub cuscusero", "FreeLauncher - GitHub cuscusero.vbproj", "{DA14C51A-EA20-4461-9981-D9B425770165}"
EndProject
Global
	GlobalSection(SolutionConfigurationPlatforms) = preSolution
		Debug|Any CPU = Debug|Any CPU
		Release|Any CPU = Release|Any CPU
	EndGlobalSection
	GlobalSection(ProjectConfigurationPlatforms) = postSolution
		{DA14C51A-EA20-4461-9981-D9B425770165}.Debug|Any CPU.ActiveCfg = Debug|Any CPU
		{DA14C51A-EA20-4461-9981-D9B425770165}.Debug|Any CPU.Build.0 = Debug|Any CPU
		{DA14C51A-EA20-4461-9981-D9B425770165}.Release|Any CPU.ActiveCfg = Release|Any CPU
		{DA14C51A-EA20-4461-9981-D9B425770165}.Release|Any CPU.Build.0 = Release|Any CPU
	EndGlobalSection
	GlobalSection(SolutionProperties) = preSolution
		HideSolutionNode = FALSE
	EndGlobalSection
	GlobalSection(ExtensibilityGlobals) = postSolution
		SolutionGuid = {AC0BC874-0F01-4752-B564-DE255E8F0D65}
	EndGlobalSection
EndGlobal
